
Microsoft Visual Studio Solution File, Format Version 12.00
# Visual Studio Version 16
VisualStudioVersion = 16.0.29326.143
MinimumVisualStudioVersion = 10.0.40219.1
Project("{9A19103F-16F7-4668-BE54-9A1E7A4F7556}") = "MichaelHeenanBlog", "MichaelHeenanBlog\MichaelHeenanBlog.csproj", "{4707D0D0-5609-44FB-9330-D15C6513ECD3}"
EndProject
Project("{2150E333-8FDC-42A3-9474-1A3956D46DE8}") = "SolutionItems", "SolutionItems", "{8F8491A4-DB08-4FB6-89C5-D92A1D19CB6F}"
	ProjectSection(SolutionItems) = preProject
		.gitignore = .gitignore
		README.md = README.md
	EndProjectSection
EndProject
Global
	GlobalSection(SolutionConfigurationPlatforms) = preSolution
		Debug|Any CPU = Debug|Any CPU
		Release|Any CPU = Release|Any CPU
	EndGlobalSection
	GlobalSection(ProjectConfigurationPlatforms) = postSolution
		{4707D0D0-5609-44FB-9330-D15C6513ECD3}.Debug|Any CPU.ActiveCfg = Debug|Any CPU
		{4707D0D0-5609-44FB-9330-D15C6513ECD3}.Debug|Any CPU.Build.0 = Debug|Any CPU
		{4707D0D0-5609-44FB-9330-D15C6513ECD3}.Release|Any CPU.ActiveCfg = Release|Any CPU
		{4707D0D0-5609-44FB-9330-D15C6513ECD3}.Release|Any CPU.Build.0 = Release|Any CPU
	EndGlobalSection
	GlobalSection(SolutionProperties) = preSolution
		HideSolutionNode = FALSE
	EndGlobalSection
	GlobalSection(ExtensibilityGlobals) = postSolution
		SolutionGuid = {7B044B9F-E158-4561-A8AD-47E3FFBA219B}
	EndGlobalSection
EndGlobal
